
Microsoft Visual Studio Solution File, Format Version 12.00
# Visual Studio Version 17
VisualStudioVersion = 17.8.34511.84
MinimumVisualStudioVersion = 10.0.40219.1
Project("{9A19103F-16F7-4668-BE54-9A1E7A4F7556}") = "XFrameServer", "XFrameServer.csproj", "{C934A059-AFF9-4A73-BA4F-1E287ECD2E60}"
EndProject
Project("{2150E333-8FDC-42A3-9474-1A3956D46DE8}") = "Solution Items", "Solution Items", "{54AEC9DA-CCA1-48BF-B56D-74C050C55FBB}"
	ProjectSection(SolutionItems) = preProject
		.editorconfig = .editorconfig
	EndProjectSection
EndProject
Project("{9A19103F-16F7-4668-BE54-9A1E7A4F7556}") = "XFrameShare", "..\XFrameShare\XFrameShare.csproj", "{5ECAF296-2179-4DB6-B91C-AF2DFB58192D}"
EndProject
Project("{9A19103F-16F7-4668-BE54-9A1E7A4F7556}") = "XFrame", "..\XFrame\XFrame\XFrame.csproj", "{B6725DE4-EBC6-4817-BD5B-BEF12F864FE8}"
EndProject
Project("{9A19103F-16F7-4668-BE54-9A1E7A4F7556}") = "XFramePlugins", "..\XFrame\XFramePlugins\XFramePlugins.csproj", "{1A2350F5-B920-4E5B-A87B-6046D0C21A5F}"
EndProject
Global
	GlobalSection(SolutionConfigurationPlatforms) = preSolution
		Debug|Any CPU = Debug|Any CPU
		Release|Any CPU = Release|Any CPU
	EndGlobalSection
	GlobalSection(ProjectConfigurationPlatforms) = postSolution
		{C934A059-AFF9-4A73-BA4F-1E287ECD2E60}.Debug|Any CPU.ActiveCfg = Debug|Any CPU
		{C934A059-AFF9-4A73-BA4F-1E287ECD2E60}.Debug|Any CPU.Build.0 = Debug|Any CPU
		{C934A059-AFF9-4A73-BA4F-1E287ECD2E60}.Release|Any CPU.ActiveCfg = Release|Any CPU
		{C934A059-AFF9-4A73-BA4F-1E287ECD2E60}.Release|Any CPU.Build.0 = Release|Any CPU
		{5ECAF296-2179-4DB6-B91C-AF2DFB58192D}.Debug|Any CPU.ActiveCfg = Debug|Any CPU
		{5ECAF296-2179-4DB6-B91C-AF2DFB58192D}.Debug|Any CPU.Build.0 = Debug|Any CPU
		{5ECAF296-2179-4DB6-B91C-AF2DFB58192D}.Release|Any CPU.ActiveCfg = Release|Any CPU
		{5ECAF296-2179-4DB6-B91C-AF2DFB58192D}.Release|Any CPU.Build.0 = Release|Any CPU
		{B6725DE4-EBC6-4817-BD5B-BEF12F864FE8}.Debug|Any CPU.ActiveCfg = Debug|Any CPU
		{B6725DE4-EBC6-4817-BD5B-BEF12F864FE8}.Debug|Any CPU.Build.0 = Debug|Any CPU
		{B6725DE4-EBC6-4817-BD5B-BEF12F864FE8}.Release|Any CPU.ActiveCfg = Release|Any CPU
		{B6725DE4-EBC6-4817-BD5B-BEF12F864FE8}.Release|Any CPU.Build.0 = Release|Any CPU
		{1A2350F5-B920-4E5B-A87B-6046D0C21A5F}.Debug|Any CPU.ActiveCfg = Debug|Any CPU
		{1A2350F5-B920-4E5B-A87B-6046D0C21A5F}.Debug|Any CPU.Build.0 = Debug|Any CPU
		{1A2350F5-B920-4E5B-A87B-6046D0C21A5F}.Release|Any CPU.ActiveCfg = Release|Any CPU
		{1A2350F5-B920-4E5B-A87B-6046D0C21A5F}.Release|Any CPU.Build.0 = Release|Any CPU
	EndGlobalSection
	GlobalSection(SolutionProperties) = preSolution
		HideSolutionNode = FALSE
	EndGlobalSection
	GlobalSection(ExtensibilityGlobals) = postSolution
		SolutionGuid = {0E031E36-3248-4514-8688-151B1198B8F3}
	EndGlobalSection
EndGlobal
