
Microsoft Visual Studio Solution File, Format Version 12.00
# Visual Studio Version 17
VisualStudioVersion = 17.8.34511.84
MinimumVisualStudioVersion = 10.0.40219.1
Project("{9A19103F-16F7-4668-BE54-9A1E7A4F7556}") = "XFrameServer", "XFrameServer.csproj", "{C934A059-AFF9-4A73-BA4F-1E287ECD2E60}"
EndProject
Project("{9A19103F-16F7-4668-BE54-9A1E7A4F7556}") = "XFrame", "XFrame\XFrame\XFrame.csproj", "{AA0653EF-FFA5-4331-9ED3-EB991C9D051C}"
EndProject
Global
	GlobalSection(SolutionConfigurationPlatforms) = preSolution
		Debug|Any CPU = Debug|Any CPU
		Release|Any CPU = Release|Any CPU
	EndGlobalSection
	GlobalSection(ProjectConfigurationPlatforms) = postSolution
		{C934A059-AFF9-4A73-BA4F-1E287ECD2E60}.Debug|Any CPU.ActiveCfg = Debug|Any CPU
		{C934A059-AFF9-4A73-BA4F-1E287ECD2E60}.Debug|Any CPU.Build.0 = Debug|Any CPU
		{C934A059-AFF9-4A73-BA4F-1E287ECD2E60}.Release|Any CPU.ActiveCfg = Release|Any CPU
		{C934A059-AFF9-4A73-BA4F-1E287ECD2E60}.Release|Any CPU.Build.0 = Release|Any CPU
		{AA0653EF-FFA5-4331-9ED3-EB991C9D051C}.Debug|Any CPU.ActiveCfg = Debug|Any CPU
		{AA0653EF-FFA5-4331-9ED3-EB991C9D051C}.Debug|Any CPU.Build.0 = Debug|Any CPU
		{AA0653EF-FFA5-4331-9ED3-EB991C9D051C}.Release|Any CPU.ActiveCfg = Release|Any CPU
		{AA0653EF-FFA5-4331-9ED3-EB991C9D051C}.Release|Any CPU.Build.0 = Release|Any CPU
	EndGlobalSection
	GlobalSection(SolutionProperties) = preSolution
		HideSolutionNode = FALSE
	EndGlobalSection
	GlobalSection(ExtensibilityGlobals) = postSolution
		SolutionGuid = {0E031E36-3248-4514-8688-151B1198B8F3}
	EndGlobalSection
EndGlobal
